
Microsoft Visual Studio Solution File, Format Version 12.00
# Visual Studio Version 17
VisualStudioVersion = 17.4.33403.182
MinimumVisualStudioVersion = 10.0.40219.1
Project("{FAE04EC0-301F-11D3-BF4B-00C04F79EFBC}") = "IpAddresses.Domain", "IpAddresses.Domain\IpAddresses.Domain.csproj", "{F52D7F63-280A-40B8-9588-F39BDA593E26}"
EndProject
Project("{FAE04EC0-301F-11D3-BF4B-00C04F79EFBC}") = "IpAddresses.EF", "IpAddresses.EF\IpAddresses.EF.csproj", "{3DE17CAF-DBC3-48C1-AC9C-E3C974448BB3}"
EndProject
Project("{FAE04EC0-301F-11D3-BF4B-00C04F79EFBC}") = "Ip.Addresses.UI", "Ip.Addresses.UI\Ip.Addresses.UI.csproj", "{BE8C1820-4E5D-49E8-A2F5-AE13DC888220}"
EndProject
Global
	GlobalSection(SolutionConfigurationPlatforms) = preSolution
		Debug|Any CPU = Debug|Any CPU
		Release|Any CPU = Release|Any CPU
	EndGlobalSection
	GlobalSection(ProjectConfigurationPlatforms) = postSolution
		{F52D7F63-280A-40B8-9588-F39BDA593E26}.Debug|Any CPU.ActiveCfg = Debug|Any CPU
		{F52D7F63-280A-40B8-9588-F39BDA593E26}.Debug|Any CPU.Build.0 = Debug|Any CPU
		{F52D7F63-280A-40B8-9588-F39BDA593E26}.Release|Any CPU.ActiveCfg = Release|Any CPU
		{F52D7F63-280A-40B8-9588-F39BDA593E26}.Release|Any CPU.Build.0 = Release|Any CPU
		{3DE17CAF-DBC3-48C1-AC9C-E3C974448BB3}.Debug|Any CPU.ActiveCfg = Debug|Any CPU
		{3DE17CAF-DBC3-48C1-AC9C-E3C974448BB3}.Debug|Any CPU.Build.0 = Debug|Any CPU
		{3DE17CAF-DBC3-48C1-AC9C-E3C974448BB3}.Release|Any CPU.ActiveCfg = Release|Any CPU
		{3DE17CAF-DBC3-48C1-AC9C-E3C974448BB3}.Release|Any CPU.Build.0 = Release|Any CPU
		{BE8C1820-4E5D-49E8-A2F5-AE13DC888220}.Debug|Any CPU.ActiveCfg = Debug|Any CPU
		{BE8C1820-4E5D-49E8-A2F5-AE13DC888220}.Debug|Any CPU.Build.0 = Debug|Any CPU
		{BE8C1820-4E5D-49E8-A2F5-AE13DC888220}.Release|Any CPU.ActiveCfg = Release|Any CPU
		{BE8C1820-4E5D-49E8-A2F5-AE13DC888220}.Release|Any CPU.Build.0 = Release|Any CPU
	EndGlobalSection
	GlobalSection(SolutionProperties) = preSolution
		HideSolutionNode = FALSE
	EndGlobalSection
	GlobalSection(ExtensibilityGlobals) = postSolution
		SolutionGuid = {DF114747-8E85-48EE-BB0B-8D4075784914}
	EndGlobalSection
EndGlobal
